// !$*UTF8*$!
{
	archiveVersion = 1;
	classes = {
	};
	objectVersion = 52;
	objects = {

/* Begin PBXBuildFile section */
		C91D185E25AD2E0B002C41D8 /* URL+.swift in Sources */ = {isa = PBXBuildFile; fileRef = C91D185D25AD2E0B002C41D8 /* URL+.swift */; };
		C91D403C25AA5EDA00045F95 /* VidatecApp.swift in Sources */ = {isa = PBXBuildFile; fileRef = C91D403B25AA5EDA00045F95 /* VidatecApp.swift */; };
		C91D403E25AA5EDA00045F95 /* ContentView.swift in Sources */ = {isa = PBXBuildFile; fileRef = C91D403D25AA5EDA00045F95 /* ContentView.swift */; };
		C91D404025AA5EDB00045F95 /* Assets.xcassets in Resources */ = {isa = PBXBuildFile; fileRef = C91D403F25AA5EDB00045F95 /* Assets.xcassets */; };
		C91D404325AA5EDB00045F95 /* Preview Assets.xcassets in Resources */ = {isa = PBXBuildFile; fileRef = C91D404225AA5EDB00045F95 /* Preview Assets.xcassets */; };
		C91D404525AA5EDB00045F95 /* Persistence.swift in Sources */ = {isa = PBXBuildFile; fileRef = C91D404425AA5EDB00045F95 /* Persistence.swift */; };
		C91D404825AA5EDB00045F95 /* Vidatec.xcdatamodeld in Sources */ = {isa = PBXBuildFile; fileRef = C91D404625AA5EDB00045F95 /* Vidatec.xcdatamodeld */; };
		C91D405325AA5EDB00045F95 /* VidatecTests.swift in Sources */ = {isa = PBXBuildFile; fileRef = C91D405225AA5EDB00045F95 /* VidatecTests.swift */; };
		C91D405E25AA5EDB00045F95 /* VidatecUITests.swift in Sources */ = {isa = PBXBuildFile; fileRef = C91D405D25AA5EDB00045F95 /* VidatecUITests.swift */; };
		C98C093325B4FF1C009A86AC /* RoomsViewModel.swift in Sources */ = {isa = PBXBuildFile; fileRef = C98C093225B4FF1C009A86AC /* RoomsViewModel.swift */; };
		C98C098B25B647BF009A86AC /* VidatecServiceManager in Frameworks */ = {isa = PBXBuildFile; productRef = C98C098A25B647BF009A86AC /* VidatecServiceManager */; };
		C992815525AB3C2D00BEADC6 /* AppTabNavigation.swift in Sources */ = {isa = PBXBuildFile; fileRef = C992815425AB3C2D00BEADC6 /* AppTabNavigation.swift */; };
		C992815F25AB3C7100BEADC6 /* PeopleView.swift in Sources */ = {isa = PBXBuildFile; fileRef = C992815E25AB3C7100BEADC6 /* PeopleView.swift */; };
		C992816725AB3CA600BEADC6 /* RoomsView.swift in Sources */ = {isa = PBXBuildFile; fileRef = C992816625AB3CA600BEADC6 /* RoomsView.swift */; };
		C992816C25AB3D9A00BEADC6 /* AppSidebarNavigation.swift in Sources */ = {isa = PBXBuildFile; fileRef = C992816B25AB3D9A00BEADC6 /* AppSidebarNavigation.swift */; };
		C992818F25AB468500BEADC6 /* rooms.json in Resources */ = {isa = PBXBuildFile; fileRef = C992818725AB468500BEADC6 /* rooms.json */; };
		C992819025AB468500BEADC6 /* people.json in Resources */ = {isa = PBXBuildFile; fileRef = C992818825AB468500BEADC6 /* people.json */; };
		C99281A625AB4AD700BEADC6 /* UI+.swift in Sources */ = {isa = PBXBuildFile; fileRef = C99281A525AB4AD700BEADC6 /* UI+.swift */; };
		C99281AF25AB4BB100BEADC6 /* SearchBar.swift in Sources */ = {isa = PBXBuildFile; fileRef = C99281AE25AB4BB100BEADC6 /* SearchBar.swift */; };
		C99281BE25AB904200BEADC6 /* Formatter+.swift in Sources */ = {isa = PBXBuildFile; fileRef = C99281BD25AB904200BEADC6 /* Formatter+.swift */; };
		C99281C325AB907800BEADC6 /* BlurView.swift in Sources */ = {isa = PBXBuildFile; fileRef = C99281C225AB907800BEADC6 /* BlurView.swift */; };
		C99281C825AB90B600BEADC6 /* Font+.swift in Sources */ = {isa = PBXBuildFile; fileRef = C99281C725AB90B600BEADC6 /* Font+.swift */; };
		C99281CD25AB90CD00BEADC6 /* Color+.swift in Sources */ = {isa = PBXBuildFile; fileRef = C99281CC25AB90CD00BEADC6 /* Color+.swift */; };
		C99281D225AB90DE00BEADC6 /* CGFloat+.swift in Sources */ = {isa = PBXBuildFile; fileRef = C99281D125AB90DE00BEADC6 /* CGFloat+.swift */; };
		C99281E225ABAAFB00BEADC6 /* ProfileView.swift in Sources */ = {isa = PBXBuildFile; fileRef = C99281E125ABAAFB00BEADC6 /* ProfileView.swift */; };
		C99281E725ABB0DD00BEADC6 /* Image+.swift in Sources */ = {isa = PBXBuildFile; fileRef = C99281E625ABB0DD00BEADC6 /* Image+.swift */; };
		C99281EC25ABB3FF00BEADC6 /* PeopleListView.swift in Sources */ = {isa = PBXBuildFile; fileRef = C99281EB25ABB3FF00BEADC6 /* PeopleListView.swift */; };
		C99281F125ABB98100BEADC6 /* VisualEffectBlur.swift in Sources */ = {isa = PBXBuildFile; fileRef = C99281F025ABB98100BEADC6 /* VisualEffectBlur.swift */; };
		C99A3BE425ACFA3200E18B34 /* PersonRow.swift in Sources */ = {isa = PBXBuildFile; fileRef = C99A3BE325ACFA3200E18B34 /* PersonRow.swift */; };
		C99A3BF125AD096500E18B34 /* PeopleViewModel.swift in Sources */ = {isa = PBXBuildFile; fileRef = C99A3BF025AD096500E18B34 /* PeopleViewModel.swift */; };
		C99A3BF725AD0A9300E18B34 /* Kingfisher in Frameworks */ = {isa = PBXBuildFile; productRef = C99A3BF625AD0A9300E18B34 /* Kingfisher */; };
		C99A3BFD25AD0BAC00E18B34 /* UserImage.swift in Sources */ = {isa = PBXBuildFile; fileRef = C99A3BFC25AD0BAC00E18B34 /* UserImage.swift */; };
/* End PBXBuildFile section */

/* Begin PBXContainerItemProxy section */
		C91D404F25AA5EDB00045F95 /* PBXContainerItemProxy */ = {
			isa = PBXContainerItemProxy;
			containerPortal = C91D403025AA5EDA00045F95 /* Project object */;
			proxyType = 1;
			remoteGlobalIDString = C91D403725AA5EDA00045F95;
			remoteInfo = Vidatec;
		};
		C91D405A25AA5EDB00045F95 /* PBXContainerItemProxy */ = {
			isa = PBXContainerItemProxy;
			containerPortal = C91D403025AA5EDA00045F95 /* Project object */;
			proxyType = 1;
			remoteGlobalIDString = C91D403725AA5EDA00045F95;
			remoteInfo = Vidatec;
		};
/* End PBXContainerItemProxy section */

/* Begin PBXFileReference section */
		C91D185D25AD2E0B002C41D8 /* URL+.swift */ = {isa = PBXFileReference; lastKnownFileType = sourcecode.swift; path = "URL+.swift"; sourceTree = "<group>"; };
		C91D403825AA5EDA00045F95 /* Vidatec.app */ = {isa = PBXFileReference; explicitFileType = wrapper.application; includeInIndex = 0; path = Vidatec.app; sourceTree = BUILT_PRODUCTS_DIR; };
		C91D403B25AA5EDA00045F95 /* VidatecApp.swift */ = {isa = PBXFileReference; lastKnownFileType = sourcecode.swift; path = VidatecApp.swift; sourceTree = "<group>"; };
		C91D403D25AA5EDA00045F95 /* ContentView.swift */ = {isa = PBXFileReference; lastKnownFileType = sourcecode.swift; path = ContentView.swift; sourceTree = "<group>"; };
		C91D403F25AA5EDB00045F95 /* Assets.xcassets */ = {isa = PBXFileReference; lastKnownFileType = folder.assetcatalog; path = Assets.xcassets; sourceTree = "<group>"; };
		C91D404225AA5EDB00045F95 /* Preview Assets.xcassets */ = {isa = PBXFileReference; lastKnownFileType = folder.assetcatalog; path = "Preview Assets.xcassets"; sourceTree = "<group>"; };
		C91D404425AA5EDB00045F95 /* Persistence.swift */ = {isa = PBXFileReference; lastKnownFileType = sourcecode.swift; path = Persistence.swift; sourceTree = "<group>"; };
		C91D404725AA5EDB00045F95 /* Vidatec.xcdatamodel */ = {isa = PBXFileReference; lastKnownFileType = wrapper.xcdatamodel; path = Vidatec.xcdatamodel; sourceTree = "<group>"; };
		C91D404925AA5EDB00045F95 /* Info.plist */ = {isa = PBXFileReference; lastKnownFileType = text.plist.xml; path = Info.plist; sourceTree = "<group>"; };
		C91D404E25AA5EDB00045F95 /* VidatecTests.xctest */ = {isa = PBXFileReference; explicitFileType = wrapper.cfbundle; includeInIndex = 0; path = VidatecTests.xctest; sourceTree = BUILT_PRODUCTS_DIR; };
		C91D405225AA5EDB00045F95 /* VidatecTests.swift */ = {isa = PBXFileReference; lastKnownFileType = sourcecode.swift; path = VidatecTests.swift; sourceTree = "<group>"; };
		C91D405425AA5EDB00045F95 /* Info.plist */ = {isa = PBXFileReference; lastKnownFileType = text.plist.xml; path = Info.plist; sourceTree = "<group>"; };
		C91D405925AA5EDB00045F95 /* VidatecUITests.xctest */ = {isa = PBXFileReference; explicitFileType = wrapper.cfbundle; includeInIndex = 0; path = VidatecUITests.xctest; sourceTree = BUILT_PRODUCTS_DIR; };
		C91D405D25AA5EDB00045F95 /* VidatecUITests.swift */ = {isa = PBXFileReference; lastKnownFileType = sourcecode.swift; path = VidatecUITests.swift; sourceTree = "<group>"; };
		C91D405F25AA5EDB00045F95 /* Info.plist */ = {isa = PBXFileReference; lastKnownFileType = text.plist.xml; path = Info.plist; sourceTree = "<group>"; };
		C98C093225B4FF1C009A86AC /* RoomsViewModel.swift */ = {isa = PBXFileReference; lastKnownFileType = sourcecode.swift; path = RoomsViewModel.swift; sourceTree = "<group>"; };
		C98C097F25B64771009A86AC /* VidatecServiceManager */ = {isa = PBXFileReference; lastKnownFileType = folder; name = VidatecServiceManager; path = ../VidatecServiceManager; sourceTree = "<group>"; };
		C992815425AB3C2D00BEADC6 /* AppTabNavigation.swift */ = {isa = PBXFileReference; lastKnownFileType = sourcecode.swift; path = AppTabNavigation.swift; sourceTree = "<group>"; };
		C992815E25AB3C7100BEADC6 /* PeopleView.swift */ = {isa = PBXFileReference; lastKnownFileType = sourcecode.swift; path = PeopleView.swift; sourceTree = "<group>"; };
		C992816625AB3CA600BEADC6 /* RoomsView.swift */ = {isa = PBXFileReference; lastKnownFileType = sourcecode.swift; path = RoomsView.swift; sourceTree = "<group>"; };
		C992816B25AB3D9A00BEADC6 /* AppSidebarNavigation.swift */ = {isa = PBXFileReference; lastKnownFileType = sourcecode.swift; path = AppSidebarNavigation.swift; sourceTree = "<group>"; };
		C992818725AB468500BEADC6 /* rooms.json */ = {isa = PBXFileReference; fileEncoding = 4; lastKnownFileType = text.json; path = rooms.json; sourceTree = "<group>"; };
		C992818825AB468500BEADC6 /* people.json */ = {isa = PBXFileReference; fileEncoding = 4; lastKnownFileType = text.json; path = people.json; sourceTree = "<group>"; };
		C99281A525AB4AD700BEADC6 /* UI+.swift */ = {isa = PBXFileReference; lastKnownFileType = sourcecode.swift; path = "UI+.swift"; sourceTree = "<group>"; };
		C99281AE25AB4BB100BEADC6 /* SearchBar.swift */ = {isa = PBXFileReference; lastKnownFileType = sourcecode.swift; path = SearchBar.swift; sourceTree = "<group>"; };
		C99281BD25AB904200BEADC6 /* Formatter+.swift */ = {isa = PBXFileReference; lastKnownFileType = sourcecode.swift; path = "Formatter+.swift"; sourceTree = "<group>"; };
		C99281C225AB907800BEADC6 /* BlurView.swift */ = {isa = PBXFileReference; lastKnownFileType = sourcecode.swift; path = BlurView.swift; sourceTree = "<group>"; };
		C99281C725AB90B600BEADC6 /* Font+.swift */ = {isa = PBXFileReference; lastKnownFileType = sourcecode.swift; path = "Font+.swift"; sourceTree = "<group>"; };
		C99281CC25AB90CD00BEADC6 /* Color+.swift */ = {isa = PBXFileReference; lastKnownFileType = sourcecode.swift; path = "Color+.swift"; sourceTree = "<group>"; };
		C99281D125AB90DE00BEADC6 /* CGFloat+.swift */ = {isa = PBXFileReference; lastKnownFileType = sourcecode.swift; path = "CGFloat+.swift"; sourceTree = "<group>"; };
		C99281E125ABAAFB00BEADC6 /* ProfileView.swift */ = {isa = PBXFileReference; lastKnownFileType = sourcecode.swift; path = ProfileView.swift; sourceTree = "<group>"; };
		C99281E625ABB0DD00BEADC6 /* Image+.swift */ = {isa = PBXFileReference; lastKnownFileType = sourcecode.swift; path = "Image+.swift"; sourceTree = "<group>"; };
		C99281EB25ABB3FF00BEADC6 /* PeopleListView.swift */ = {isa = PBXFileReference; lastKnownFileType = sourcecode.swift; path = PeopleListView.swift; sourceTree = "<group>"; };
		C99281F025ABB98100BEADC6 /* VisualEffectBlur.swift */ = {isa = PBXFileReference; lastKnownFileType = sourcecode.swift; path = VisualEffectBlur.swift; sourceTree = "<group>"; };
		C99A3BE325ACFA3200E18B34 /* PersonRow.swift */ = {isa = PBXFileReference; lastKnownFileType = sourcecode.swift; path = PersonRow.swift; sourceTree = "<group>"; };
		C99A3BF025AD096500E18B34 /* PeopleViewModel.swift */ = {isa = PBXFileReference; lastKnownFileType = sourcecode.swift; path = PeopleViewModel.swift; sourceTree = "<group>"; };
		C99A3BFC25AD0BAC00E18B34 /* UserImage.swift */ = {isa = PBXFileReference; lastKnownFileType = sourcecode.swift; path = UserImage.swift; sourceTree = "<group>"; };
/* End PBXFileReference section */

/* Begin PBXFrameworksBuildPhase section */
		C91D403525AA5EDA00045F95 /* Frameworks */ = {
			isa = PBXFrameworksBuildPhase;
			buildActionMask = 2147483647;
			files = (
				C99A3BF725AD0A9300E18B34 /* Kingfisher in Frameworks */,
				C98C098B25B647BF009A86AC /* VidatecServiceManager in Frameworks */,
			);
			runOnlyForDeploymentPostprocessing = 0;
		};
		C91D404B25AA5EDB00045F95 /* Frameworks */ = {
			isa = PBXFrameworksBuildPhase;
			buildActionMask = 2147483647;
			files = (
			);
			runOnlyForDeploymentPostprocessing = 0;
		};
		C91D405625AA5EDB00045F95 /* Frameworks */ = {
			isa = PBXFrameworksBuildPhase;
			buildActionMask = 2147483647;
			files = (
			);
			runOnlyForDeploymentPostprocessing = 0;
		};
/* End PBXFrameworksBuildPhase section */

/* Begin PBXGroup section */
		C91D402F25AA5EDA00045F95 = {
			isa = PBXGroup;
			children = (
				C98C097F25B64771009A86AC /* VidatecServiceManager */,
				C91D403A25AA5EDA00045F95 /* Vidatec */,
				C91D405125AA5EDB00045F95 /* VidatecTests */,
				C91D405C25AA5EDB00045F95 /* VidatecUITests */,
				C91D403925AA5EDA00045F95 /* Products */,
				C98C098925B647BF009A86AC /* Frameworks */,
			);
			sourceTree = "<group>";
		};
		C91D403925AA5EDA00045F95 /* Products */ = {
			isa = PBXGroup;
			children = (
				C91D403825AA5EDA00045F95 /* Vidatec.app */,
				C91D404E25AA5EDB00045F95 /* VidatecTests.xctest */,
				C91D405925AA5EDB00045F95 /* VidatecUITests.xctest */,
			);
			name = Products;
			sourceTree = "<group>";
		};
		C91D403A25AA5EDA00045F95 /* Vidatec */ = {
			isa = PBXGroup;
			children = (
				C992814E25AB3BC500BEADC6 /* Screens */,
				C992814D25AB3BC000BEADC6 /* Infrastructure */,
				C91D403B25AA5EDA00045F95 /* VidatecApp.swift */,
				C91D403D25AA5EDA00045F95 /* ContentView.swift */,
				C91D403F25AA5EDB00045F95 /* Assets.xcassets */,
				C91D404425AA5EDB00045F95 /* Persistence.swift */,
				C91D404925AA5EDB00045F95 /* Info.plist */,
				C91D404625AA5EDB00045F95 /* Vidatec.xcdatamodeld */,
				C91D404125AA5EDB00045F95 /* Preview Content */,
			);
			path = Vidatec;
			sourceTree = "<group>";
		};
		C91D404125AA5EDB00045F95 /* Preview Content */ = {
			isa = PBXGroup;
			children = (
				C91D404225AA5EDB00045F95 /* Preview Assets.xcassets */,
			);
			path = "Preview Content";
			sourceTree = "<group>";
		};
		C91D405125AA5EDB00045F95 /* VidatecTests */ = {
			isa = PBXGroup;
			children = (
				C91D405225AA5EDB00045F95 /* VidatecTests.swift */,
				C91D405425AA5EDB00045F95 /* Info.plist */,
			);
			path = VidatecTests;
			sourceTree = "<group>";
		};
		C91D405C25AA5EDB00045F95 /* VidatecUITests */ = {
			isa = PBXGroup;
			children = (
				C91D405D25AA5EDB00045F95 /* VidatecUITests.swift */,
				C91D405F25AA5EDB00045F95 /* Info.plist */,
			);
			path = VidatecUITests;
			sourceTree = "<group>";
		};
		C98C098925B647BF009A86AC /* Frameworks */ = {
			isa = PBXGroup;
			children = (
			);
			name = Frameworks;
			sourceTree = "<group>";
		};
		C992814D25AB3BC000BEADC6 /* Infrastructure */ = {
			isa = PBXGroup;
			children = (
				C99281AD25AB4BAA00BEADC6 /* Controls */,
				C99281A425AB4AD000BEADC6 /* Extensions */,
				C992818625AB468500BEADC6 /* Mocks */,
				C992818925AB468500BEADC6 /* Models */,
				C992818C25AB468500BEADC6 /* VidatecService */,
			);
			path = Infrastructure;
			sourceTree = "<group>";
		};
		C992814E25AB3BC500BEADC6 /* Screens */ = {
			isa = PBXGroup;
			children = (
				C99281E025ABAAF200BEADC6 /* Profile */,
				C992815D25AB3C5F00BEADC6 /* Rooms */,
				C992815C25AB3C5500BEADC6 /* People */,
				C992815325AB3C0100BEADC6 /* AppSidebarNavigation */,
				C992815225AB3BF800BEADC6 /* AppTabNavigation */,
			);
			path = Screens;
			sourceTree = "<group>";
		};
		C992815225AB3BF800BEADC6 /* AppTabNavigation */ = {
			isa = PBXGroup;
			children = (
				C992815425AB3C2D00BEADC6 /* AppTabNavigation.swift */,
			);
			path = AppTabNavigation;
			sourceTree = "<group>";
		};
		C992815325AB3C0100BEADC6 /* AppSidebarNavigation */ = {
			isa = PBXGroup;
			children = (
				C992816B25AB3D9A00BEADC6 /* AppSidebarNavigation.swift */,
			);
			path = AppSidebarNavigation;
			sourceTree = "<group>";
		};
		C992815C25AB3C5500BEADC6 /* People */ = {
			isa = PBXGroup;
			children = (
				C992815E25AB3C7100BEADC6 /* PeopleView.swift */,
				C99281EB25ABB3FF00BEADC6 /* PeopleListView.swift */,
				C99A3BF025AD096500E18B34 /* PeopleViewModel.swift */,
				C99A3BE325ACFA3200E18B34 /* PersonRow.swift */,
			);
			path = People;
			sourceTree = "<group>";
		};
		C992815D25AB3C5F00BEADC6 /* Rooms */ = {
			isa = PBXGroup;
			children = (
				C992816625AB3CA600BEADC6 /* RoomsView.swift */,
				C98C093225B4FF1C009A86AC /* RoomsViewModel.swift */,
			);
			path = Rooms;
			sourceTree = "<group>";
		};
		C992818625AB468500BEADC6 /* Mocks */ = {
			isa = PBXGroup;
			children = (
				C992818725AB468500BEADC6 /* rooms.json */,
				C992818825AB468500BEADC6 /* people.json */,
			);
			path = Mocks;
			sourceTree = "<group>";
		};
		C992818925AB468500BEADC6 /* Models */ = {
			isa = PBXGroup;
			children = (
				C992819825AB482000BEADC6 /* Helper */,
			);
			path = Models;
			sourceTree = "<group>";
		};
		C992818C25AB468500BEADC6 /* VidatecService */ = {
			isa = PBXGroup;
			children = (
			);
			path = VidatecService;
			sourceTree = "<group>";
		};
		C992819825AB482000BEADC6 /* Helper */ = {
			isa = PBXGroup;
			children = (
			);
			path = Helper;
			sourceTree = "<group>";
		};
		C99281A425AB4AD000BEADC6 /* Extensions */ = {
			isa = PBXGroup;
			children = (
				C99281A525AB4AD700BEADC6 /* UI+.swift */,
				C99281BD25AB904200BEADC6 /* Formatter+.swift */,
				C99281C725AB90B600BEADC6 /* Font+.swift */,
				C99281CC25AB90CD00BEADC6 /* Color+.swift */,
				C99281D125AB90DE00BEADC6 /* CGFloat+.swift */,
				C99281E625ABB0DD00BEADC6 /* Image+.swift */,
				C91D185D25AD2E0B002C41D8 /* URL+.swift */,
			);
			path = Extensions;
			sourceTree = "<group>";
		};
		C99281AD25AB4BAA00BEADC6 /* Controls */ = {
			isa = PBXGroup;
			children = (
				C99281AE25AB4BB100BEADC6 /* SearchBar.swift */,
				C99281C225AB907800BEADC6 /* BlurView.swift */,
				C99281F025ABB98100BEADC6 /* VisualEffectBlur.swift */,
				C99A3BFC25AD0BAC00E18B34 /* UserImage.swift */,
			);
			path = Controls;
			sourceTree = "<group>";
		};
		C99281E025ABAAF200BEADC6 /* Profile */ = {
			isa = PBXGroup;
			children = (
				C99281E125ABAAFB00BEADC6 /* ProfileView.swift */,
			);
			path = Profile;
			sourceTree = "<group>";
		};
/* End PBXGroup section */

/* Begin PBXNativeTarget section */
		C91D403725AA5EDA00045F95 /* Vidatec */ = {
			isa = PBXNativeTarget;
			buildConfigurationList = C91D406225AA5EDB00045F95 /* Build configuration list for PBXNativeTarget "Vidatec" */;
			buildPhases = (
				C91D403425AA5EDA00045F95 /* Sources */,
				C91D403525AA5EDA00045F95 /* Frameworks */,
				C91D403625AA5EDA00045F95 /* Resources */,
			);
			buildRules = (
			);
			dependencies = (
			);
			name = Vidatec;
			packageProductDependencies = (
				C99A3BF625AD0A9300E18B34 /* Kingfisher */,
				C98C098A25B647BF009A86AC /* VidatecServiceManager */,
			);
			productName = Vidatec;
			productReference = C91D403825AA5EDA00045F95 /* Vidatec.app */;
			productType = "com.apple.product-type.application";
		};
		C91D404D25AA5EDB00045F95 /* VidatecTests */ = {
			isa = PBXNativeTarget;
			buildConfigurationList = C91D406525AA5EDB00045F95 /* Build configuration list for PBXNativeTarget "VidatecTests" */;
			buildPhases = (
				C91D404A25AA5EDB00045F95 /* Sources */,
				C91D404B25AA5EDB00045F95 /* Frameworks */,
				C91D404C25AA5EDB00045F95 /* Resources */,
			);
			buildRules = (
			);
			dependencies = (
				C91D405025AA5EDB00045F95 /* PBXTargetDependency */,
			);
			name = VidatecTests;
			productName = VidatecTests;
			productReference = C91D404E25AA5EDB00045F95 /* VidatecTests.xctest */;
			productType = "com.apple.product-type.bundle.unit-test";
		};
		C91D405825AA5EDB00045F95 /* VidatecUITests */ = {
			isa = PBXNativeTarget;
			buildConfigurationList = C91D406825AA5EDB00045F95 /* Build configuration list for PBXNativeTarget "VidatecUITests" */;
			buildPhases = (
				C91D405525AA5EDB00045F95 /* Sources */,
				C91D405625AA5EDB00045F95 /* Frameworks */,
				C91D405725AA5EDB00045F95 /* Resources */,
			);
			buildRules = (
			);
			dependencies = (
				C91D405B25AA5EDB00045F95 /* PBXTargetDependency */,
			);
			name = VidatecUITests;
			productName = VidatecUITests;
			productReference = C91D405925AA5EDB00045F95 /* VidatecUITests.xctest */;
			productType = "com.apple.product-type.bundle.ui-testing";
		};
/* End PBXNativeTarget section */

/* Begin PBXProject section */
		C91D403025AA5EDA00045F95 /* Project object */ = {
			isa = PBXProject;
			attributes = {
				LastSwiftUpdateCheck = 1230;
				LastUpgradeCheck = 1230;
				TargetAttributes = {
					C91D403725AA5EDA00045F95 = {
						CreatedOnToolsVersion = 12.3;
					};
					C91D404D25AA5EDB00045F95 = {
						CreatedOnToolsVersion = 12.3;
						TestTargetID = C91D403725AA5EDA00045F95;
					};
					C91D405825AA5EDB00045F95 = {
						CreatedOnToolsVersion = 12.3;
						TestTargetID = C91D403725AA5EDA00045F95;
					};
				};
			};
			buildConfigurationList = C91D403325AA5EDA00045F95 /* Build configuration list for PBXProject "Vidatec" */;
			compatibilityVersion = "Xcode 9.3";
			developmentRegion = en;
			hasScannedForEncodings = 0;
			knownRegions = (
				en,
				Base,
			);
			mainGroup = C91D402F25AA5EDA00045F95;
			packageReferences = (
				C99A3BF525AD0A9300E18B34 /* XCRemoteSwiftPackageReference "Kingfisher" */,
			);
			productRefGroup = C91D403925AA5EDA00045F95 /* Products */;
			projectDirPath = "";
			projectRoot = "";
			targets = (
				C91D403725AA5EDA00045F95 /* Vidatec */,
				C91D404D25AA5EDB00045F95 /* VidatecTests */,
				C91D405825AA5EDB00045F95 /* VidatecUITests */,
			);
		};
/* End PBXProject section */

/* Begin PBXResourcesBuildPhase section */
		C91D403625AA5EDA00045F95 /* Resources */ = {
			isa = PBXResourcesBuildPhase;
			buildActionMask = 2147483647;
			files = (
				C992819025AB468500BEADC6 /* people.json in Resources */,
				C91D404325AA5EDB00045F95 /* Preview Assets.xcassets in Resources */,
				C91D404025AA5EDB00045F95 /* Assets.xcassets in Resources */,
				C992818F25AB468500BEADC6 /* rooms.json in Resources */,
			);
			runOnlyForDeploymentPostprocessing = 0;
		};
		C91D404C25AA5EDB00045F95 /* Resources */ = {
			isa = PBXResourcesBuildPhase;
			buildActionMask = 2147483647;
			files = (
			);
			runOnlyForDeploymentPostprocessing = 0;
		};
		C91D405725AA5EDB00045F95 /* Resources */ = {
			isa = PBXResourcesBuildPhase;
			buildActionMask = 2147483647;
			files = (
			);
			runOnlyForDeploymentPostprocessing = 0;
		};
/* End PBXResourcesBuildPhase section */

/* Begin PBXSourcesBuildPhase section */
		C91D403425AA5EDA00045F95 /* Sources */ = {
			isa = PBXSourcesBuildPhase;
			buildActionMask = 2147483647;
			files = (
				C992816C25AB3D9A00BEADC6 /* AppSidebarNavigation.swift in Sources */,
				C91D404825AA5EDB00045F95 /* Vidatec.xcdatamodeld in Sources */,
				C91D404525AA5EDB00045F95 /* Persistence.swift in Sources */,
				C98C093325B4FF1C009A86AC /* RoomsViewModel.swift in Sources */,
				C99281D225AB90DE00BEADC6 /* CGFloat+.swift in Sources */,
				C99281AF25AB4BB100BEADC6 /* SearchBar.swift in Sources */,
				C99281A625AB4AD700BEADC6 /* UI+.swift in Sources */,
				C91D403E25AA5EDA00045F95 /* ContentView.swift in Sources */,
				C91D403C25AA5EDA00045F95 /* VidatecApp.swift in Sources */,
				C992816725AB3CA600BEADC6 /* RoomsView.swift in Sources */,
				C99A3BFD25AD0BAC00E18B34 /* UserImage.swift in Sources */,
				C99281BE25AB904200BEADC6 /* Formatter+.swift in Sources */,
				C99A3BF125AD096500E18B34 /* PeopleViewModel.swift in Sources */,
				C99281CD25AB90CD00BEADC6 /* Color+.swift in Sources */,
				C99281C825AB90B600BEADC6 /* Font+.swift in Sources */,
				C99281F125ABB98100BEADC6 /* VisualEffectBlur.swift in Sources */,
				C99281C325AB907800BEADC6 /* BlurView.swift in Sources */,
				C992815525AB3C2D00BEADC6 /* AppTabNavigation.swift in Sources */,
				C992815F25AB3C7100BEADC6 /* PeopleView.swift in Sources */,
				C99281EC25ABB3FF00BEADC6 /* PeopleListView.swift in Sources */,
				C91D185E25AD2E0B002C41D8 /* URL+.swift in Sources */,
				C99281E225ABAAFB00BEADC6 /* ProfileView.swift in Sources */,
				C99281E725ABB0DD00BEADC6 /* Image+.swift in Sources */,
				C99A3BE425ACFA3200E18B34 /* PersonRow.swift in Sources */,
			);
			runOnlyForDeploymentPostprocessing = 0;
		};
		C91D404A25AA5EDB00045F95 /* Sources */ = {
			isa = PBXSourcesBuildPhase;
			buildActionMask = 2147483647;
			files = (
				C91D405325AA5EDB00045F95 /* VidatecTests.swift in Sources */,
			);
			runOnlyForDeploymentPostprocessing = 0;
		};
		C91D405525AA5EDB00045F95 /* Sources */ = {
			isa = PBXSourcesBuildPhase;
			buildActionMask = 2147483647;
			files = (
				C91D405E25AA5EDB00045F95 /* VidatecUITests.swift in Sources */,
			);
			runOnlyForDeploymentPostprocessing = 0;
		};
/* End PBXSourcesBuildPhase section */

/* Begin PBXTargetDependency section */
		C91D405025AA5EDB00045F95 /* PBXTargetDependency */ = {
			isa = PBXTargetDependency;
			target = C91D403725AA5EDA00045F95 /* Vidatec */;
			targetProxy = C91D404F25AA5EDB00045F95 /* PBXContainerItemProxy */;
		};
		C91D405B25AA5EDB00045F95 /* PBXTargetDependency */ = {
			isa = PBXTargetDependency;
			target = C91D403725AA5EDA00045F95 /* Vidatec */;
			targetProxy = C91D405A25AA5EDB00045F95 /* PBXContainerItemProxy */;
		};
/* End PBXTargetDependency section */

/* Begin XCBuildConfiguration section */
		C91D406025AA5EDB00045F95 /* Debug */ = {
			isa = XCBuildConfiguration;
			buildSettings = {
				ALWAYS_SEARCH_USER_PATHS = NO;
				CLANG_ANALYZER_NONNULL = YES;
				CLANG_ANALYZER_NUMBER_OBJECT_CONVERSION = YES_AGGRESSIVE;
				CLANG_CXX_LANGUAGE_STANDARD = "gnu++14";
				CLANG_CXX_LIBRARY = "libc++";
				CLANG_ENABLE_MODULES = YES;
				CLANG_ENABLE_OBJC_ARC = YES;
				CLANG_ENABLE_OBJC_WEAK = YES;
				CLANG_WARN_BLOCK_CAPTURE_AUTORELEASING = YES;
				CLANG_WARN_BOOL_CONVERSION = YES;
				CLANG_WARN_COMMA = YES;
				CLANG_WARN_CONSTANT_CONVERSION = YES;
				CLANG_WARN_DEPRECATED_OBJC_IMPLEMENTATIONS = YES;
				CLANG_WARN_DIRECT_OBJC_ISA_USAGE = YES_ERROR;
				CLANG_WARN_DOCUMENTATION_COMMENTS = YES;
				CLANG_WARN_EMPTY_BODY = YES;
				CLANG_WARN_ENUM_CONVERSION = YES;
				CLANG_WARN_INFINITE_RECURSION = YES;
				CLANG_WARN_INT_CONVERSION = YES;
				CLANG_WARN_NON_LITERAL_NULL_CONVERSION = YES;
				CLANG_WARN_OBJC_IMPLICIT_RETAIN_SELF = YES;
				CLANG_WARN_OBJC_LITERAL_CONVERSION = YES;
				CLANG_WARN_OBJC_ROOT_CLASS = YES_ERROR;
				CLANG_WARN_QUOTED_INCLUDE_IN_FRAMEWORK_HEADER = YES;
				CLANG_WARN_RANGE_LOOP_ANALYSIS = YES;
				CLANG_WARN_STRICT_PROTOTYPES = YES;
				CLANG_WARN_SUSPICIOUS_MOVE = YES;
				CLANG_WARN_UNGUARDED_AVAILABILITY = YES_AGGRESSIVE;
				CLANG_WARN_UNREACHABLE_CODE = YES;
				CLANG_WARN__DUPLICATE_METHOD_MATCH = YES;
				COPY_PHASE_STRIP = NO;
				DEBUG_INFORMATION_FORMAT = dwarf;
				ENABLE_STRICT_OBJC_MSGSEND = YES;
				ENABLE_TESTABILITY = YES;
				GCC_C_LANGUAGE_STANDARD = gnu11;
				GCC_DYNAMIC_NO_PIC = NO;
				GCC_NO_COMMON_BLOCKS = YES;
				GCC_OPTIMIZATION_LEVEL = 0;
				GCC_PREPROCESSOR_DEFINITIONS = (
					"DEBUG=1",
					"$(inherited)",
				);
				GCC_WARN_64_TO_32_BIT_CONVERSION = YES;
				GCC_WARN_ABOUT_RETURN_TYPE = YES_ERROR;
				GCC_WARN_UNDECLARED_SELECTOR = YES;
				GCC_WARN_UNINITIALIZED_AUTOS = YES_AGGRESSIVE;
				GCC_WARN_UNUSED_FUNCTION = YES;
				GCC_WARN_UNUSED_VARIABLE = YES;
				IPHONEOS_DEPLOYMENT_TARGET = 14.3;
				MTL_ENABLE_DEBUG_INFO = INCLUDE_SOURCE;
				MTL_FAST_MATH = YES;
				ONLY_ACTIVE_ARCH = YES;
				SDKROOT = iphoneos;
				SWIFT_ACTIVE_COMPILATION_CONDITIONS = DEBUG;
				SWIFT_OPTIMIZATION_LEVEL = "-Onone";
			};
			name = Debug;
		};
		C91D406125AA5EDB00045F95 /* Release */ = {
			isa = XCBuildConfiguration;
			buildSettings = {
				ALWAYS_SEARCH_USER_PATHS = NO;
				CLANG_ANALYZER_NONNULL = YES;
				CLANG_ANALYZER_NUMBER_OBJECT_CONVERSION = YES_AGGRESSIVE;
				CLANG_CXX_LANGUAGE_STANDARD = "gnu++14";
				CLANG_CXX_LIBRARY = "libc++";
				CLANG_ENABLE_MODULES = YES;
				CLANG_ENABLE_OBJC_ARC = YES;
				CLANG_ENABLE_OBJC_WEAK = YES;
				CLANG_WARN_BLOCK_CAPTURE_AUTORELEASING = YES;
				CLANG_WARN_BOOL_CONVERSION = YES;
				CLANG_WARN_COMMA = YES;
				CLANG_WARN_CONSTANT_CONVERSION = YES;
				CLANG_WARN_DEPRECATED_OBJC_IMPLEMENTATIONS = YES;
				CLANG_WARN_DIRECT_OBJC_ISA_USAGE = YES_ERROR;
				CLANG_WARN_DOCUMENTATION_COMMENTS = YES;
				CLANG_WARN_EMPTY_BODY = YES;
				CLANG_WARN_ENUM_CONVERSION = YES;
				CLANG_WARN_INFINITE_RECURSION = YES;
				CLANG_WARN_INT_CONVERSION = YES;
				CLANG_WARN_NON_LITERAL_NULL_CONVERSION = YES;
				CLANG_WARN_OBJC_IMPLICIT_RETAIN_SELF = YES;
				CLANG_WARN_OBJC_LITERAL_CONVERSION = YES;
				CLANG_WARN_OBJC_ROOT_CLASS = YES_ERROR;
				CLANG_WARN_QUOTED_INCLUDE_IN_FRAMEWORK_HEADER = YES;
				CLANG_WARN_RANGE_LOOP_ANALYSIS = YES;
				CLANG_WARN_STRICT_PROTOTYPES = YES;
				CLANG_WARN_SUSPICIOUS_MOVE = YES;
				CLANG_WARN_UNGUARDED_AVAILABILITY = YES_AGGRESSIVE;
				CLANG_WARN_UNREACHABLE_CODE = YES;
				CLANG_WARN__DUPLICATE_METHOD_MATCH = YES;
				COPY_PHASE_STRIP = NO;
				DEBUG_INFORMATION_FORMAT = "dwarf-with-dsym";
				ENABLE_NS_ASSERTIONS = NO;
				ENABLE_STRICT_OBJC_MSGSEND = YES;
				GCC_C_LANGUAGE_STANDARD = gnu11;
				GCC_NO_COMMON_BLOCKS = YES;
				GCC_WARN_64_TO_32_BIT_CONVERSION = YES;
				GCC_WARN_ABOUT_RETURN_TYPE = YES_ERROR;
				GCC_WARN_UNDECLARED_SELECTOR = YES;
				GCC_WARN_UNINITIALIZED_AUTOS = YES_AGGRESSIVE;
				GCC_WARN_UNUSED_FUNCTION = YES;
				GCC_WARN_UNUSED_VARIABLE = YES;
				IPHONEOS_DEPLOYMENT_TARGET = 14.3;
				MTL_ENABLE_DEBUG_INFO = NO;
				MTL_FAST_MATH = YES;
				SDKROOT = iphoneos;
				SWIFT_COMPILATION_MODE = wholemodule;
				SWIFT_OPTIMIZATION_LEVEL = "-O";
				VALIDATE_PRODUCT = YES;
			};
			name = Release;
		};
		C91D406325AA5EDB00045F95 /* Debug */ = {
			isa = XCBuildConfiguration;
			buildSettings = {
				ASSETCATALOG_COMPILER_APPICON_NAME = AppIcon;
				ASSETCATALOG_COMPILER_GLOBAL_ACCENT_COLOR_NAME = AccentColor;
				CODE_SIGN_STYLE = Automatic;
				DEVELOPMENT_ASSET_PATHS = "\"Vidatec/Preview Content\"";
				DEVELOPMENT_TEAM = VYGZYM27PR;
				ENABLE_PREVIEWS = YES;
				INFOPLIST_FILE = Vidatec/Info.plist;
				IPHONEOS_DEPLOYMENT_TARGET = 14.0;
				LD_RUNPATH_SEARCH_PATHS = (
					"$(inherited)",
					"@executable_path/Frameworks",
				);
				PRODUCT_BUNDLE_IDENTIFIER = com.vidatec.sirman.challange.Vidatec;
				PRODUCT_NAME = "$(TARGET_NAME)";
				SWIFT_VERSION = 5.0;
				TARGETED_DEVICE_FAMILY = "1,2";
			};
			name = Debug;
		};
		C91D406425AA5EDB00045F95 /* Release */ = {
			isa = XCBuildConfiguration;
			buildSettings = {
				ASSETCATALOG_COMPILER_APPICON_NAME = AppIcon;
				ASSETCATALOG_COMPILER_GLOBAL_ACCENT_COLOR_NAME = AccentColor;
				CODE_SIGN_STYLE = Automatic;
				DEVELOPMENT_ASSET_PATHS = "\"Vidatec/Preview Content\"";
				DEVELOPMENT_TEAM = VYGZYM27PR;
				ENABLE_PREVIEWS = YES;
				INFOPLIST_FILE = Vidatec/Info.plist;
				IPHONEOS_DEPLOYMENT_TARGET = 14.0;
				LD_RUNPATH_SEARCH_PATHS = (
					"$(inherited)",
					"@executable_path/Frameworks",
				);
				PRODUCT_BUNDLE_IDENTIFIER = com.vidatec.sirman.challange.Vidatec;
				PRODUCT_NAME = "$(TARGET_NAME)";
				SWIFT_VERSION = 5.0;
				TARGETED_DEVICE_FAMILY = "1,2";
			};
			name = Release;
		};
		C91D406625AA5EDB00045F95 /* Debug */ = {
			isa = XCBuildConfiguration;
			buildSettings = {
				ALWAYS_EMBED_SWIFT_STANDARD_LIBRARIES = YES;
				BUNDLE_LOADER = "$(TEST_HOST)";
				CODE_SIGN_STYLE = Automatic;
				DEVELOPMENT_TEAM = VYGZYM27PR;
				INFOPLIST_FILE = VidatecTests/Info.plist;
				IPHONEOS_DEPLOYMENT_TARGET = 14.0;
				LD_RUNPATH_SEARCH_PATHS = (
					"$(inherited)",
					"@executable_path/Frameworks",
					"@loader_path/Frameworks",
				);
				PRODUCT_BUNDLE_IDENTIFIER = com.vidatec.sirman.challange.VidatecTests;
				PRODUCT_NAME = "$(TARGET_NAME)";
				SWIFT_VERSION = 5.0;
				TARGETED_DEVICE_FAMILY = "1,2";
				TEST_HOST = "$(BUILT_PRODUCTS_DIR)/Vidatec.app/Vidatec";
			};
			name = Debug;
		};
		C91D406725AA5EDB00045F95 /* Release */ = {
			isa = XCBuildConfiguration;
			buildSettings = {
				ALWAYS_EMBED_SWIFT_STANDARD_LIBRARIES = YES;
				BUNDLE_LOADER = "$(TEST_HOST)";
				CODE_SIGN_STYLE = Automatic;
				DEVELOPMENT_TEAM = VYGZYM27PR;
				INFOPLIST_FILE = VidatecTests/Info.plist;
				IPHONEOS_DEPLOYMENT_TARGET = 14.0;
				LD_RUNPATH_SEARCH_PATHS = (
					"$(inherited)",
					"@executable_path/Frameworks",
					"@loader_path/Frameworks",
				);
				PRODUCT_BUNDLE_IDENTIFIER = com.vidatec.sirman.challange.VidatecTests;
				PRODUCT_NAME = "$(TARGET_NAME)";
				SWIFT_VERSION = 5.0;
				TARGETED_DEVICE_FAMILY = "1,2";
				TEST_HOST = "$(BUILT_PRODUCTS_DIR)/Vidatec.app/Vidatec";
			};
			name = Release;
		};
		C91D406925AA5EDB00045F95 /* Debug */ = {
			isa = XCBuildConfiguration;
			buildSettings = {
				ALWAYS_EMBED_SWIFT_STANDARD_LIBRARIES = YES;
				CODE_SIGN_STYLE = Automatic;
				DEVELOPMENT_TEAM = VYGZYM27PR;
				INFOPLIST_FILE = VidatecUITests/Info.plist;
				LD_RUNPATH_SEARCH_PATHS = (
					"$(inherited)",
					"@executable_path/Frameworks",
					"@loader_path/Frameworks",
				);
				PRODUCT_BUNDLE_IDENTIFIER = com.vidatec.sirman.challange.VidatecUITests;
				PRODUCT_NAME = "$(TARGET_NAME)";
				SWIFT_VERSION = 5.0;
				TARGETED_DEVICE_FAMILY = "1,2";
				TEST_TARGET_NAME = Vidatec;
			};
			name = Debug;
		};
		C91D406A25AA5EDB00045F95 /* Release */ = {
			isa = XCBuildConfiguration;
			buildSettings = {
				ALWAYS_EMBED_SWIFT_STANDARD_LIBRARIES = YES;
				CODE_SIGN_STYLE = Automatic;
				DEVELOPMENT_TEAM = VYGZYM27PR;
				INFOPLIST_FILE = VidatecUITests/Info.plist;
				LD_RUNPATH_SEARCH_PATHS = (
					"$(inherited)",
					"@executable_path/Frameworks",
					"@loader_path/Frameworks",
				);
				PRODUCT_BUNDLE_IDENTIFIER = com.vidatec.sirman.challange.VidatecUITests;
				PRODUCT_NAME = "$(TARGET_NAME)";
				SWIFT_VERSION = 5.0;
				TARGETED_DEVICE_FAMILY = "1,2";
				TEST_TARGET_NAME = Vidatec;
			};
			name = Release;
		};
/* End XCBuildConfiguration section */

/* Begin XCConfigurationList section */
		C91D403325AA5EDA00045F95 /* Build configuration list for PBXProject "Vidatec" */ = {
			isa = XCConfigurationList;
			buildConfigurations = (
				C91D406025AA5EDB00045F95 /* Debug */,
				C91D406125AA5EDB00045F95 /* Release */,
			);
			defaultConfigurationIsVisible = 0;
			defaultConfigurationName = Release;
		};
		C91D406225AA5EDB00045F95 /* Build configuration list for PBXNativeTarget "Vidatec" */ = {
			isa = XCConfigurationList;
			buildConfigurations = (
				C91D406325AA5EDB00045F95 /* Debug */,
				C91D406425AA5EDB00045F95 /* Release */,
			);
			defaultConfigurationIsVisible = 0;
			defaultConfigurationName = Release;
		};
		C91D406525AA5EDB00045F95 /* Build configuration list for PBXNativeTarget "VidatecTests" */ = {
			isa = XCConfigurationList;
			buildConfigurations = (
				C91D406625AA5EDB00045F95 /* Debug */,
				C91D406725AA5EDB00045F95 /* Release */,
			);
			defaultConfigurationIsVisible = 0;
			defaultConfigurationName = Release;
		};
		C91D406825AA5EDB00045F95 /* Build configuration list for PBXNativeTarget "VidatecUITests" */ = {
			isa = XCConfigurationList;
			buildConfigurations = (
				C91D406925AA5EDB00045F95 /* Debug */,
				C91D406A25AA5EDB00045F95 /* Release */,
			);
			defaultConfigurationIsVisible = 0;
			defaultConfigurationName = Release;
		};
/* End XCConfigurationList section */

/* Begin XCRemoteSwiftPackageReference section */
		C99A3BF525AD0A9300E18B34 /* XCRemoteSwiftPackageReference "Kingfisher" */ = {
			isa = XCRemoteSwiftPackageReference;
			repositoryURL = "https://github.com/onevcat/Kingfisher.git";
			requirement = {
				kind = upToNextMajorVersion;
				minimumVersion = 6.0.1;
			};
		};
/* End XCRemoteSwiftPackageReference section */

/* Begin XCSwiftPackageProductDependency section */
		C98C098A25B647BF009A86AC /* VidatecServiceManager */ = {
			isa = XCSwiftPackageProductDependency;
			productName = VidatecServiceManager;
		};
		C99A3BF625AD0A9300E18B34 /* Kingfisher */ = {
			isa = XCSwiftPackageProductDependency;
			package = C99A3BF525AD0A9300E18B34 /* XCRemoteSwiftPackageReference "Kingfisher" */;
			productName = Kingfisher;
		};
/* End XCSwiftPackageProductDependency section */

/* Begin XCVersionGroup section */
		C91D404625AA5EDB00045F95 /* Vidatec.xcdatamodeld */ = {
			isa = XCVersionGroup;
			children = (
				C91D404725AA5EDB00045F95 /* Vidatec.xcdatamodel */,
			);
			currentVersion = C91D404725AA5EDB00045F95 /* Vidatec.xcdatamodel */;
			path = Vidatec.xcdatamodeld;
			sourceTree = "<group>";
			versionGroupType = wrapper.xcdatamodel;
		};
/* End XCVersionGroup section */
	};
	rootObject = C91D403025AA5EDA00045F95 /* Project object */;
}
